{
  "name": "darkbloom-agent-bundles",
  "lockfileVersion": 3,
  "requires": true,
  "packages": {
    "": {
      "name": "darkbloom-agent-bundles",
      "devDependencies": {
        "uap-protocol": "0.1.1"
      }
    },
    "node_modules/uap-protocol": {
      "version": "0.1.1",
      "resolved": "https://registry.npmjs.org/uap-protocol/-/uap-protocol-0.1.1.tgz",
      "integrity": "sha512-2F9MJTby7rXAIHFpjKQFKLdp65flR8CTtyOS/T7m64RDprdXvuPtctiRkdMSVLxv6riyhgtPCaZQs58zt4Esbg==",
      "dev": true,
      "license": "Apache-2.0",
      "bin": {
        "uap": "dist/uap.js"
      },
      "engines": {
        "node": ">=20"
      }
    }
  }
}
